
Microsoft Visual Studio Solution File, Format Version 12.00
# Visual Studio Version 17
VisualStudioVersion = 17.5.33516.290
MinimumVisualStudioVersion = 10.0.40219.1
Project("{FAE04EC0-301F-11D3-BF4B-00C04F79EFBC}") = "netcorenginex03", "netcorenginex03.csproj", "{D7FB87DC-9677-4793-AA9E-646A2ADAA6AB}"
EndProject
Global
	GlobalSection(SolutionConfigurationPlatforms) = preSolution
		Debug|Any CPU = Debug|Any CPU
		Release|Any CPU = Release|Any CPU
	EndGlobalSection
	GlobalSection(ProjectConfigurationPlatforms) = postSolution
		{D7FB87DC-9677-4793-AA9E-646A2ADAA6AB}.Debug|Any CPU.ActiveCfg = Debug|Any CPU
		{D7FB87DC-9677-4793-AA9E-646A2ADAA6AB}.Debug|Any CPU.Build.0 = Debug|Any CPU
		{D7FB87DC-9677-4793-AA9E-646A2ADAA6AB}.Release|Any CPU.ActiveCfg = Release|Any CPU
		{D7FB87DC-9677-4793-AA9E-646A2ADAA6AB}.Release|Any CPU.Build.0 = Release|Any CPU
	EndGlobalSection
	GlobalSection(SolutionProperties) = preSolution
		HideSolutionNode = FALSE
	EndGlobalSection
	GlobalSection(ExtensibilityGlobals) = postSolution
		SolutionGuid = {39CC2AB2-F42E-4124-8403-0FB65323DCE0}
	EndGlobalSection
EndGlobal
